
Microsoft Visual Studio Solution File, Format Version 12.00
# Visual Studio Version 16
VisualStudioVersion = 16.0.29326.143
MinimumVisualStudioVersion = 10.0.40219.1
Project("{FAE04EC0-301F-11D3-BF4B-00C04F79EFBC}") = "ConsoleApp1", "ConsoleApp1.csproj", "{37C2C079-82AC-4D3D-8D8B-33B7D25362CE}"
EndProject
Global
	GlobalSection(SolutionConfigurationPlatforms) = preSolution
		Debug|Any CPU = Debug|Any CPU
		Release|Any CPU = Release|Any CPU
	EndGlobalSection
	GlobalSection(ProjectConfigurationPlatforms) = postSolution
		{37C2C079-82AC-4D3D-8D8B-33B7D25362CE}.Debug|Any CPU.ActiveCfg = Debug|Any CPU
		{37C2C079-82AC-4D3D-8D8B-33B7D25362CE}.Debug|Any CPU.Build.0 = Debug|Any CPU
		{37C2C079-82AC-4D3D-8D8B-33B7D25362CE}.Release|Any CPU.ActiveCfg = Release|Any CPU
		{37C2C079-82AC-4D3D-8D8B-33B7D25362CE}.Release|Any CPU.Build.0 = Release|Any CPU
	EndGlobalSection
	GlobalSection(SolutionProperties) = preSolution
		HideSolutionNode = FALSE
	EndGlobalSection
	GlobalSection(ExtensibilityGlobals) = postSolution
		SolutionGuid = {22DB7DE9-40FE-469C-AD03-94C68E3DFC0A}
	EndGlobalSection
EndGlobal
